
Microsoft Visual Studio Solution File, Format Version 12.00
# Visual Studio Version 17
VisualStudioVersion = 17.14.36623.8 d17.14
MinimumVisualStudioVersion = 10.0.40219.1
Project("{FAE04EC0-301F-11D3-BF4B-00C04F79EFBC}") = "ArrayExercises", "ArrayExercises\ArrayExercises.csproj", "{303942D8-2596-4009-B0AE-EFE9881DFD4A}"
EndProject
Global
	GlobalSection(SolutionConfigurationPlatforms) = preSolution
		Debug|Any CPU = Debug|Any CPU
		Release|Any CPU = Release|Any CPU
	EndGlobalSection
	GlobalSection(ProjectConfigurationPlatforms) = postSolution
		{303942D8-2596-4009-B0AE-EFE9881DFD4A}.Debug|Any CPU.ActiveCfg = Debug|Any CPU
		{303942D8-2596-4009-B0AE-EFE9881DFD4A}.Debug|Any CPU.Build.0 = Debug|Any CPU
		{303942D8-2596-4009-B0AE-EFE9881DFD4A}.Release|Any CPU.ActiveCfg = Release|Any CPU
		{303942D8-2596-4009-B0AE-EFE9881DFD4A}.Release|Any CPU.Build.0 = Release|Any CPU
	EndGlobalSection
	GlobalSection(SolutionProperties) = preSolution
		HideSolutionNode = FALSE
	EndGlobalSection
	GlobalSection(ExtensibilityGlobals) = postSolution
		SolutionGuid = {AF9C46C5-E297-4C6B-A4A1-11298E61A255}
	EndGlobalSection
EndGlobal
