
Microsoft Visual Studio Solution File, Format Version 12.00
# Visual Studio Version 17
VisualStudioVersion = 17.14.36623.8 d17.14
MinimumVisualStudioVersion = 10.0.40219.1
Project("{FAE04EC0-301F-11D3-BF4B-00C04F79EFBC}") = "BasicExercises1", "BasicExercises1\BasicExercises1.csproj", "{B4649224-264C-49E6-B6E2-9A5180DB9CE5}"
EndProject
Global
	GlobalSection(SolutionConfigurationPlatforms) = preSolution
		Debug|Any CPU = Debug|Any CPU
		Release|Any CPU = Release|Any CPU
	EndGlobalSection
	GlobalSection(ProjectConfigurationPlatforms) = postSolution
		{B4649224-264C-49E6-B6E2-9A5180DB9CE5}.Debug|Any CPU.ActiveCfg = Debug|Any CPU
		{B4649224-264C-49E6-B6E2-9A5180DB9CE5}.Debug|Any CPU.Build.0 = Debug|Any CPU
		{B4649224-264C-49E6-B6E2-9A5180DB9CE5}.Release|Any CPU.ActiveCfg = Release|Any CPU
		{B4649224-264C-49E6-B6E2-9A5180DB9CE5}.Release|Any CPU.Build.0 = Release|Any CPU
	EndGlobalSection
	GlobalSection(SolutionProperties) = preSolution
		HideSolutionNode = FALSE
	EndGlobalSection
	GlobalSection(ExtensibilityGlobals) = postSolution
		SolutionGuid = {37C647BE-6FBD-48FF-9A07-E8824012D411}
	EndGlobalSection
EndGlobal
